- hosts: localhost
  gather_facts: no
  tasks:
    - name: "Outer block"
      block:
        - name: "Inner block"
          block:
            - name: "EXPECTED FAILURE"
              fail:
                msg: "fail to test single level block in rescue"
          rescue:
            - name: "Rescue block"
              block:
                - debug: msg="Inner block rescue"
