{
  "name": "ansible-test",
  "version": "1.0.0",
  "lockfileVersion": 1,
  "requires": true,
  "dependencies": {
    "ansible-dummy-package": {
      "version": "1.0.0",
      "resolved": "https://registry.npmjs.org/ansible-dummy-package/-/ansible-dummy-package-1.0.0.tgz",
      "integrity": "sha512-ri6UMtQDOM//Kw5eE1tTUlLmEuHa/Xac5jneKotfj2GJ2e7bODRaofGIyBoQzjZOYcAMdyOiK1J47Tni819nEg=="
    }
  }
}
